
Microsoft Visual Studio Solution File, Format Version 12.00
# Visual Studio 2013
VisualStudioVersion = 12.0.30501.0
MinimumVisualStudioVersion = 10.0.40219.1
Project("{2150E333-8FDC-42A3-9474-1A3956D46DE8}") = "HBDday", "HBDday", "{89CFEFD8-5C96-43CE-926F-017958FB692F}"
EndProject
Project("{D954291E-2A0B-460D-934E-DC6B0785DB48}") = "HBDday.Shared", "HBDday\HBDday.Shared\HBDday.Shared.shproj", "{A809CD58-01AC-45C7-92E3-8AF9997D0E70}"
EndProject
Project("{FAE04EC0-301F-11D3-BF4B-00C04F79EFBC}") = "HBDday.Windows", "HBDday\HBDday.Windows\HBDday.Windows.csproj", "{1239BB10-C9CB-4293-8635-8F78AB766187}"
EndProject
Project("{FAE04EC0-301F-11D3-BF4B-00C04F79EFBC}") = "HBDday.WindowsPhone", "HBDday\HBDday.WindowsPhone\HBDday.WindowsPhone.csproj", "{5A90A7C5-AC8C-428B-9966-B8E11610C3D2}"
EndProject
Global
	GlobalSection(SharedMSBuildProjectFiles) = preSolution
		HBDday\HBDday.Shared\HBDday.Shared.projitems*{a809cd58-01ac-45c7-92e3-8af9997d0e70}*SharedItemsImports = 13
		HBDday\HBDday.Shared\HBDday.Shared.projitems*{5a90a7c5-ac8c-428b-9966-b8e11610c3d2}*SharedItemsImports = 4
		HBDday\HBDday.Shared\HBDday.Shared.projitems*{1239bb10-c9cb-4293-8635-8f78ab766187}*SharedItemsImports = 4
	EndGlobalSection
	GlobalSection(SolutionConfigurationPlatforms) = preSolution
		Debug|Any CPU = Debug|Any CPU
		Debug|ARM = Debug|ARM
		Debug|x64 = Debug|x64
		Debug|x86 = Debug|x86
		Release|Any CPU = Release|Any CPU
		Release|ARM = Release|ARM
		Release|x64 = Release|x64
		Release|x86 = Release|x86
	EndGlobalSection
	GlobalSection(ProjectConfigurationPlatforms) = postSolution
		{1239BB10-C9CB-4293-8635-8F78AB766187}.Debug|Any CPU.ActiveCfg = Debug|Any CPU
		{1239BB10-C9CB-4293-8635-8F78AB766187}.Debug|Any CPU.Build.0 = Debug|Any CPU
		{1239BB10-C9CB-4293-8635-8F78AB766187}.Debug|Any CPU.Deploy.0 = Debug|Any CPU
		{1239BB10-C9CB-4293-8635-8F78AB766187}.Debug|ARM.ActiveCfg = Debug|ARM
		{1239BB10-C9CB-4293-8635-8F78AB766187}.Debug|ARM.Build.0 = Debug|ARM
		{1239BB10-C9CB-4293-8635-8F78AB766187}.Debug|ARM.Deploy.0 = Debug|ARM
		{1239BB10-C9CB-4293-8635-8F78AB766187}.Debug|x64.ActiveCfg = Debug|x64
		{1239BB10-C9CB-4293-8635-8F78AB766187}.Debug|x64.Build.0 = Debug|x64
		{1239BB10-C9CB-4293-8635-8F78AB766187}.Debug|x64.Deploy.0 = Debug|x64
		{1239BB10-C9CB-4293-8635-8F78AB766187}.Debug|x86.ActiveCfg = Debug|x86
		{1239BB10-C9CB-4293-8635-8F78AB766187}.Debug|x86.Build.0 = Debug|x86
		{1239BB10-C9CB-4293-8635-8F78AB766187}.Debug|x86.Deploy.0 = Debug|x86
		{1239BB10-C9CB-4293-8635-8F78AB766187}.Release|Any CPU.ActiveCfg = Release|Any CPU
		{1239BB10-C9CB-4293-8635-8F78AB766187}.Release|Any CPU.Build.0 = Release|Any CPU
		{1239BB10-C9CB-4293-8635-8F78AB766187}.Release|Any CPU.Deploy.0 = Release|Any CPU
		{1239BB10-C9CB-4293-8635-8F78AB766187}.Release|ARM.ActiveCfg = Release|ARM
		{1239BB10-C9CB-4293-8635-8F78AB766187}.Release|ARM.Build.0 = Release|ARM
		{1239BB10-C9CB-4293-8635-8F78AB766187}.Release|ARM.Deploy.0 = Release|ARM
		{1239BB10-C9CB-4293-8635-8F78AB766187}.Release|x64.ActiveCfg = Release|x64
		{1239BB10-C9CB-4293-8635-8F78AB766187}.Release|x64.Build.0 = Release|x64
		{1239BB10-C9CB-4293-8635-8F78AB766187}.Release|x64.Deploy.0 = Release|x64
		{1239BB10-C9CB-4293-8635-8F78AB766187}.Release|x86.ActiveCfg = Release|x86
		{1239BB10-C9CB-4293-8635-8F78AB766187}.Release|x86.Build.0 = Release|x86
		{1239BB10-C9CB-4293-8635-8F78AB766187}.Release|x86.Deploy.0 = Release|x86
		{5A90A7C5-AC8C-428B-9966-B8E11610C3D2}.Debug|Any CPU.ActiveCfg = Debug|Any CPU
		{5A90A7C5-AC8C-428B-9966-B8E11610C3D2}.Debug|Any CPU.Build.0 = Debug|Any CPU
		{5A90A7C5-AC8C-428B-9966-B8E11610C3D2}.Debug|Any CPU.Deploy.0 = Debug|Any CPU
		{5A90A7C5-AC8C-428B-9966-B8E11610C3D2}.Debug|ARM.ActiveCfg = Debug|ARM
		{5A90A7C5-AC8C-428B-9966-B8E11610C3D2}.Debug|ARM.Build.0 = Debug|ARM
		{5A90A7C5-AC8C-428B-9966-B8E11610C3D2}.Debug|ARM.Deploy.0 = Debug|ARM
		{5A90A7C5-AC8C-428B-9966-B8E11610C3D2}.Debug|x64.ActiveCfg = Debug|Any CPU
		{5A90A7C5-AC8C-428B-9966-B8E11610C3D2}.Debug|x86.ActiveCfg = Debug|x86
		{5A90A7C5-AC8C-428B-9966-B8E11610C3D2}.Debug|x86.Build.0 = Debug|x86
		{5A90A7C5-AC8C-428B-9966-B8E11610C3D2}.Debug|x86.Deploy.0 = Debug|x86
		{5A90A7C5-AC8C-428B-9966-B8E11610C3D2}.Release|Any CPU.ActiveCfg = Release|Any CPU
		{5A90A7C5-AC8C-428B-9966-B8E11610C3D2}.Release|Any CPU.Build.0 = Release|Any CPU
		{5A90A7C5-AC8C-428B-9966-B8E11610C3D2}.Release|Any CPU.Deploy.0 = Release|Any CPU
		{5A90A7C5-AC8C-428B-9966-B8E11610C3D2}.Release|ARM.ActiveCfg = Release|ARM
		{5A90A7C5-AC8C-428B-9966-B8E11610C3D2}.Release|ARM.Build.0 = Release|ARM
		{5A90A7C5-AC8C-428B-9966-B8E11610C3D2}.Release|ARM.Deploy.0 = Release|ARM
		{5A90A7C5-AC8C-428B-9966-B8E11610C3D2}.Release|x64.ActiveCfg = Release|Any CPU
		{5A90A7C5-AC8C-428B-9966-B8E11610C3D2}.Release|x86.ActiveCfg = Release|x86
		{5A90A7C5-AC8C-428B-9966-B8E11610C3D2}.Release|x86.Build.0 = Release|x86
		{5A90A7C5-AC8C-428B-9966-B8E11610C3D2}.Release|x86.Deploy.0 = Release|x86
	EndGlobalSection
	GlobalSection(SolutionProperties) = preSolution
		HideSolutionNode = FALSE
	EndGlobalSection
	GlobalSection(NestedProjects) = preSolution
		{A809CD58-01AC-45C7-92E3-8AF9997D0E70} = {89CFEFD8-5C96-43CE-926F-017958FB692F}
		{1239BB10-C9CB-4293-8635-8F78AB766187} = {89CFEFD8-5C96-43CE-926F-017958FB692F}
		{5A90A7C5-AC8C-428B-9966-B8E11610C3D2} = {89CFEFD8-5C96-43CE-926F-017958FB692F}
	EndGlobalSection
EndGlobal
